// !$*UTF8*$!
{
	archiveVersion = 1;
	classes = {
	};
	objectVersion = 48;
	objects = {

/* Begin PBXBuildFile section */
		04AB2B2A205BBCFA008D51EC /* main.swift in Sources */ = {isa = PBXBuildFile; fileRef = 04AB2B29205BBCFA008D51EC /* main.swift */; };
		04AB2B31205BBD2E008D51EC /* LinkedList.swift in Sources */ = {isa = PBXBuildFile; fileRef = 04AB2B30205BBD2E008D51EC /* LinkedList.swift */; };
		04AB2B33205BE3AE008D51EC /* Stack.swift in Sources */ = {isa = PBXBuildFile; fileRef = 04AB2B32205BE3AE008D51EC /* Stack.swift */; };
		04AB2B35205F4C44008D51EC /* Fibonacci.swift in Sources */ = {isa = PBXBuildFile; fileRef = 04AB2B34205F4C44008D51EC /* Fibonacci.swift */; };
		04AB2B37205F5916008D51EC /* Calculate.swift in Sources */ = {isa = PBXBuildFile; fileRef = 04AB2B36205F5916008D51EC /* Calculate.swift */; };
		04AB2B39205F91AF008D51EC /* Tree.swift in Sources */ = {isa = PBXBuildFile; fileRef = 04AB2B38205F91AF008D51EC /* Tree.swift */; };
		04AB2B3B205FCBF5008D51EC /* Sort.swift in Sources */ = {isa = PBXBuildFile; fileRef = 04AB2B3A205FCBF5008D51EC /* Sort.swift */; };
/* End PBXBuildFile section */

/* Begin PBXCopyFilesBuildPhase section */
		04AB2B24205BBCFA008D51EC /* CopyFiles */ = {
			isa = PBXCopyFilesBuildPhase;
			buildActionMask = 2147483647;
			dstPath = /usr/share/man/man1/;
			dstSubfolderSpec = 0;
			files = (
			);
			runOnlyForDeploymentPostprocessing = 1;
		};
/* End PBXCopyFilesBuildPhase section */

/* Begin PBXFileReference section */
		04AB2B26205BBCFA008D51EC /* Algorithm */ = {isa = PBXFileReference; explicitFileType = "compiled.mach-o.executable"; includeInIndex = 0; path = Algorithm; sourceTree = BUILT_PRODUCTS_DIR; };
		04AB2B29205BBCFA008D51EC /* main.swift */ = {isa = PBXFileReference; lastKnownFileType = sourcecode.swift; path = main.swift; sourceTree = "<group>"; };
		04AB2B30205BBD2E008D51EC /* LinkedList.swift */ = {isa = PBXFileReference; lastKnownFileType = sourcecode.swift; path = LinkedList.swift; sourceTree = "<group>"; };
		04AB2B32205BE3AE008D51EC /* Stack.swift */ = {isa = PBXFileReference; lastKnownFileType = sourcecode.swift; path = Stack.swift; sourceTree = "<group>"; };
		04AB2B34205F4C44008D51EC /* Fibonacci.swift */ = {isa = PBXFileReference; lastKnownFileType = sourcecode.swift; path = Fibonacci.swift; sourceTree = "<group>"; };
		04AB2B36205F5916008D51EC /* Calculate.swift */ = {isa = PBXFileReference; lastKnownFileType = sourcecode.swift; path = Calculate.swift; sourceTree = "<group>"; };
		04AB2B38205F91AF008D51EC /* Tree.swift */ = {isa = PBXFileReference; lastKnownFileType = sourcecode.swift; path = Tree.swift; sourceTree = "<group>"; };
		04AB2B3A205FCBF5008D51EC /* Sort.swift */ = {isa = PBXFileReference; lastKnownFileType = sourcecode.swift; path = Sort.swift; sourceTree = "<group>"; };
/* End PBXFileReference section */

/* Begin PBXFrameworksBuildPhase section */
		04AB2B23205BBCFA008D51EC /* Frameworks */ = {
			isa = PBXFrameworksBuildPhase;
			buildActionMask = 2147483647;
			files = (
			);
			runOnlyForDeploymentPostprocessing = 0;
		};
/* End PBXFrameworksBuildPhase section */

/* Begin PBXGroup section */
		04AB2B1D205BBCFA008D51EC = {
			isa = PBXGroup;
			children = (
				04AB2B28205BBCFA008D51EC /* Algorithm */,
				04AB2B27205BBCFA008D51EC /* Products */,
			);
			sourceTree = "<group>";
		};
		04AB2B27205BBCFA008D51EC /* Products */ = {
			isa = PBXGroup;
			children = (
				04AB2B26205BBCFA008D51EC /* Algorithm */,
			);
			name = Products;
			sourceTree = "<group>";
		};
		04AB2B28205BBCFA008D51EC /* Algorithm */ = {
			isa = PBXGroup;
			children = (
				04AB2B29205BBCFA008D51EC /* main.swift */,
				04AB2B30205BBD2E008D51EC /* LinkedList.swift */,
				04AB2B32205BE3AE008D51EC /* Stack.swift */,
				04AB2B34205F4C44008D51EC /* Fibonacci.swift */,
				04AB2B36205F5916008D51EC /* Calculate.swift */,
				04AB2B38205F91AF008D51EC /* Tree.swift */,
				04AB2B3A205FCBF5008D51EC /* Sort.swift */,
			);
			path = Algorithm;
			sourceTree = "<group>";
		};
/* End PBXGroup section */

/* Begin PBXNativeTarget section */
		04AB2B25205BBCFA008D51EC /* Algorithm */ = {
			isa = PBXNativeTarget;
			buildConfigurationList = 04AB2B2D205BBCFA008D51EC /* Build configuration list for PBXNativeTarget "Algorithm" */;
			buildPhases = (
				04AB2B22205BBCFA008D51EC /* Sources */,
				04AB2B23205BBCFA008D51EC /* Frameworks */,
				04AB2B24205BBCFA008D51EC /* CopyFiles */,
			);
			buildRules = (
			);
			dependencies = (
			);
			name = Algorithm;
			productName = Algorithm;
			productReference = 04AB2B26205BBCFA008D51EC /* Algorithm */;
			productType = "com.apple.product-type.tool";
		};
/* End PBXNativeTarget section */

/* Begin PBXProject section */
		04AB2B1E205BBCFA008D51EC /* Project object */ = {
			isa = PBXProject;
			attributes = {
				LastSwiftUpdateCheck = 0920;
				LastUpgradeCheck = 0920;
				ORGANIZATIONNAME = mac;
				TargetAttributes = {
					04AB2B25205BBCFA008D51EC = {
						CreatedOnToolsVersion = 9.2;
						ProvisioningStyle = Automatic;
					};
				};
			};
			buildConfigurationList = 04AB2B21205BBCFA008D51EC /* Build configuration list for PBXProject "Algorithm" */;
			compatibilityVersion = "Xcode 8.0";
			developmentRegion = en;
			hasScannedForEncodings = 0;
			knownRegions = (
				en,
			);
			mainGroup = 04AB2B1D205BBCFA008D51EC;
			productRefGroup = 04AB2B27205BBCFA008D51EC /* Products */;
			projectDirPath = "";
			projectRoot = "";
			targets = (
				04AB2B25205BBCFA008D51EC /* Algorithm */,
			);
		};
/* End PBXProject section */

/* Begin PBXSourcesBuildPhase section */
		04AB2B22205BBCFA008D51EC /* Sources */ = {
			isa = PBXSourcesBuildPhase;
			buildActionMask = 2147483647;
			files = (
				04AB2B35205F4C44008D51EC /* Fibonacci.swift in Sources */,
				04AB2B31205BBD2E008D51EC /* LinkedList.swift in Sources */,
				04AB2B33205BE3AE008D51EC /* Stack.swift in Sources */,
				04AB2B39205F91AF008D51EC /* Tree.swift in Sources */,
				04AB2B3B205FCBF5008D51EC /* Sort.swift in Sources */,
				04AB2B37205F5916008D51EC /* Calculate.swift in Sources */,
				04AB2B2A205BBCFA008D51EC /* main.swift in Sources */,
			);
			runOnlyForDeploymentPostprocessing = 0;
		};
/* End PBXSourcesBuildPhase section */

/* Begin XCBuildConfiguration section */
		04AB2B2B205BBCFA008D51EC /* Debug */ = {
			isa = XCBuildConfiguration;
			buildSettings = {
				ALWAYS_SEARCH_USER_PATHS = NO;
				CLANG_ANALYZER_NONNULL = YES;
				CLANG_ANALYZER_NUMBER_OBJECT_CONVERSION = YES_AGGRESSIVE;
				CLANG_CXX_LANGUAGE_STANDARD = "gnu++14";
				CLANG_CXX_LIBRARY = "libc++";
				CLANG_ENABLE_MODULES = YES;
				CLANG_ENABLE_OBJC_ARC = YES;
				CLANG_WARN_BLOCK_CAPTURE_AUTORELEASING = YES;
				CLANG_WARN_BOOL_CONVERSION = YES;
				CLANG_WARN_COMMA = YES;
				CLANG_WARN_CONSTANT_CONVERSION = YES;
				CLANG_WARN_DIRECT_OBJC_ISA_USAGE = YES_ERROR;
				CLANG_WARN_DOCUMENTATION_COMMENTS = YES;
				CLANG_WARN_EMPTY_BODY = YES;
				CLANG_WARN_ENUM_CONVERSION = YES;
				CLANG_WARN_INFINITE_RECURSION = YES;
				CLANG_WARN_INT_CONVERSION = YES;
				CLANG_WARN_NON_LITERAL_NULL_CONVERSION = YES;
				CLANG_WARN_OBJC_LITERAL_CONVERSION = YES;
				CLANG_WARN_OBJC_ROOT_CLASS = YES_ERROR;
				CLANG_WARN_RANGE_LOOP_ANALYSIS = YES;
				CLANG_WARN_STRICT_PROTOTYPES = YES;
				CLANG_WARN_SUSPICIOUS_MOVE = YES;
				CLANG_WARN_UNGUARDED_AVAILABILITY = YES_AGGRESSIVE;
				CLANG_WARN_UNREACHABLE_CODE = YES;
				CLANG_WARN__DUPLICATE_METHOD_MATCH = YES;
				CODE_SIGN_IDENTITY = "Mac Developer";
				COPY_PHASE_STRIP = NO;
				DEBUG_INFORMATION_FORMAT = dwarf;
				ENABLE_STRICT_OBJC_MSGSEND = YES;
				ENABLE_TESTABILITY = YES;
				GCC_C_LANGUAGE_STANDARD = gnu11;
				GCC_DYNAMIC_NO_PIC = NO;
				GCC_NO_COMMON_BLOCKS = YES;
				GCC_OPTIMIZATION_LEVEL = 0;
				GCC_PREPROCESSOR_DEFINITIONS = (
					"DEBUG=1",
					"$(inherited)",
				);
				GCC_WARN_64_TO_32_BIT_CONVERSION = YES;
				GCC_WARN_ABOUT_RETURN_TYPE = YES_ERROR;
				GCC_WARN_UNDECLARED_SELECTOR = YES;
				GCC_WARN_UNINITIALIZED_AUTOS = YES_AGGRESSIVE;
				GCC_WARN_UNUSED_FUNCTION = YES;
				GCC_WARN_UNUSED_VARIABLE = YES;
				MACOSX_DEPLOYMENT_TARGET = 10.12;
				MTL_ENABLE_DEBUG_INFO = YES;
				ONLY_ACTIVE_ARCH = YES;
				SDKROOT = macosx;
				SWIFT_ACTIVE_COMPILATION_CONDITIONS = DEBUG;
				SWIFT_OPTIMIZATION_LEVEL = "-Onone";
			};
			name = Debug;
		};
		04AB2B2C205BBCFA008D51EC /* Release */ = {
			isa = XCBuildConfiguration;
			buildSettings = {
				ALWAYS_SEARCH_USER_PATHS = NO;
				CLANG_ANALYZER_NONNULL = YES;
				CLANG_ANALYZER_NUMBER_OBJECT_CONVERSION = YES_AGGRESSIVE;
				CLANG_CXX_LANGUAGE_STANDARD = "gnu++14";
				CLANG_CXX_LIBRARY = "libc++";
				CLANG_ENABLE_MODULES = YES;
				CLANG_ENABLE_OBJC_ARC = YES;
				CLANG_WARN_BLOCK_CAPTURE_AUTORELEASING = YES;
				CLANG_WARN_BOOL_CONVERSION = YES;
				CLANG_WARN_COMMA = YES;
				CLANG_WARN_CONSTANT_CONVERSION = YES;
				CLANG_WARN_DIRECT_OBJC_ISA_USAGE = YES_ERROR;
				CLANG_WARN_DOCUMENTATION_COMMENTS = YES;
				CLANG_WARN_EMPTY_BODY = YES;
				CLANG_WARN_ENUM_CONVERSION = YES;
				CLANG_WARN_INFINITE_RECURSION = YES;
				CLANG_WARN_INT_CONVERSION = YES;
				CLANG_WARN_NON_LITERAL_NULL_CONVERSION = YES;
				CLANG_WARN_OBJC_LITERAL_CONVERSION = YES;
				CLANG_WARN_OBJC_ROOT_CLASS = YES_ERROR;
				CLANG_WARN_RANGE_LOOP_ANALYSIS = YES;
				CLANG_WARN_STRICT_PROTOTYPES = YES;
				CLANG_WARN_SUSPICIOUS_MOVE = YES;
				CLANG_WARN_UNGUARDED_AVAILABILITY = YES_AGGRESSIVE;
				CLANG_WARN_UNREACHABLE_CODE = YES;
				CLANG_WARN__DUPLICATE_METHOD_MATCH = YES;
				CODE_SIGN_IDENTITY = "Mac Developer";
				COPY_PHASE_STRIP = NO;
				DEBUG_INFORMATION_FORMAT = "dwarf-with-dsym";
				ENABLE_NS_ASSERTIONS = NO;
				ENABLE_STRICT_OBJC_MSGSEND = YES;
				GCC_C_LANGUAGE_STANDARD = gnu11;
				GCC_NO_COMMON_BLOCKS = YES;
				GCC_WARN_64_TO_32_BIT_CONVERSION = YES;
				GCC_WARN_ABOUT_RETURN_TYPE = YES_ERROR;
				GCC_WARN_UNDECLARED_SELECTOR = YES;
				GCC_WARN_UNINITIALIZED_AUTOS = YES_AGGRESSIVE;
				GCC_WARN_UNUSED_FUNCTION = YES;
				GCC_WARN_UNUSED_VARIABLE = YES;
				MACOSX_DEPLOYMENT_TARGET = 10.12;
				MTL_ENABLE_DEBUG_INFO = NO;
				SDKROOT = macosx;
				SWIFT_OPTIMIZATION_LEVEL = "-Owholemodule";
			};
			name = Release;
		};
		04AB2B2E205BBCFA008D51EC /* Debug */ = {
			isa = XCBuildConfiguration;
			buildSettings = {
				CODE_SIGN_STYLE = Automatic;
				DEVELOPMENT_TEAM = WZZS2UU57R;
				PRODUCT_NAME = "$(TARGET_NAME)";
				SWIFT_VERSION = 4.0;
			};
			name = Debug;
		};
		04AB2B2F205BBCFA008D51EC /* Release */ = {
			isa = XCBuildConfiguration;
			buildSettings = {
				CODE_SIGN_STYLE = Automatic;
				DEVELOPMENT_TEAM = WZZS2UU57R;
				PRODUCT_NAME = "$(TARGET_NAME)";
				SWIFT_VERSION = 4.0;
			};
			name = Release;
		};
/* End XCBuildConfiguration section */

/* Begin XCConfigurationList section */
		04AB2B21205BBCFA008D51EC /* Build configuration list for PBXProject "Algorithm" */ = {
			isa = XCConfigurationList;
			buildConfigurations = (
				04AB2B2B205BBCFA008D51EC /* Debug */,
				04AB2B2C205BBCFA008D51EC /* Release */,
			);
			defaultConfigurationIsVisible = 0;
			defaultConfigurationName = Release;
		};
		04AB2B2D205BBCFA008D51EC /* Build configuration list for PBXNativeTarget "Algorithm" */ = {
			isa = XCConfigurationList;
			buildConfigurations = (
				04AB2B2E205BBCFA008D51EC /* Debug */,
				04AB2B2F205BBCFA008D51EC /* Release */,
			);
			defaultConfigurationIsVisible = 0;
			defaultConfigurationName = Release;
		};
/* End XCConfigurationList section */
	};
	rootObject = 04AB2B1E205BBCFA008D51EC /* Project object */;
}
